
Microsoft Visual Studio Solution File, Format Version 12.00
# Visual Studio Version 17
VisualStudioVersion = 17.7.34024.191
MinimumVisualStudioVersion = 10.0.40219.1
Project("{FAE04EC0-301F-11D3-BF4B-00C04F79EFBC}") = "WebApplication1", "WebApplication1\WebApplication1.csproj", "{445473A0-CD9E-4339-A8B3-530326C286A2}"
EndProject
Project("{FAE04EC0-301F-11D3-BF4B-00C04F79EFBC}") = "Logic", "Logic\Logic.csproj", "{7223E35A-E4EE-4642-8B9B-22B98E70AA34}"
EndProject
Project("{FAE04EC0-301F-11D3-BF4B-00C04F79EFBC}") = "WebApplicationAF", "WebApplicationAF\WebApplicationAF.csproj", "{C2DE0C04-A206-4B87-8687-59A3E62D6D52}"
EndProject
Global
	GlobalSection(SolutionConfigurationPlatforms) = preSolution
		Debug|Any CPU = Debug|Any CPU
		Release|Any CPU = Release|Any CPU
	EndGlobalSection
	GlobalSection(ProjectConfigurationPlatforms) = postSolution
		{445473A0-CD9E-4339-A8B3-530326C286A2}.Debug|Any CPU.ActiveCfg = Debug|Any CPU
		{445473A0-CD9E-4339-A8B3-530326C286A2}.Debug|Any CPU.Build.0 = Debug|Any CPU
		{445473A0-CD9E-4339-A8B3-530326C286A2}.Release|Any CPU.ActiveCfg = Release|Any CPU
		{445473A0-CD9E-4339-A8B3-530326C286A2}.Release|Any CPU.Build.0 = Release|Any CPU
		{7223E35A-E4EE-4642-8B9B-22B98E70AA34}.Debug|Any CPU.ActiveCfg = Debug|Any CPU
		{7223E35A-E4EE-4642-8B9B-22B98E70AA34}.Debug|Any CPU.Build.0 = Debug|Any CPU
		{7223E35A-E4EE-4642-8B9B-22B98E70AA34}.Release|Any CPU.ActiveCfg = Release|Any CPU
		{7223E35A-E4EE-4642-8B9B-22B98E70AA34}.Release|Any CPU.Build.0 = Release|Any CPU
		{C2DE0C04-A206-4B87-8687-59A3E62D6D52}.Debug|Any CPU.ActiveCfg = Debug|Any CPU
		{C2DE0C04-A206-4B87-8687-59A3E62D6D52}.Debug|Any CPU.Build.0 = Debug|Any CPU
		{C2DE0C04-A206-4B87-8687-59A3E62D6D52}.Release|Any CPU.ActiveCfg = Release|Any CPU
		{C2DE0C04-A206-4B87-8687-59A3E62D6D52}.Release|Any CPU.Build.0 = Release|Any CPU
	EndGlobalSection
	GlobalSection(SolutionProperties) = preSolution
		HideSolutionNode = FALSE
	EndGlobalSection
	GlobalSection(ExtensibilityGlobals) = postSolution
		SolutionGuid = {82507C64-10E6-43DA-9C4E-66CFC6B9C233}
	EndGlobalSection
EndGlobal
